// !$*UTF8*$!
{
	archiveVersion = 1;
	classes = {
	};
	objectVersion = 46;
	objects = {

/* Begin PBXAggregateTarget section */
		"CCSwiftConveniences::CCSwiftConveniencesPackageTests::ProductTarget" /* CCSwiftConveniencesPackageTests */ = {
			isa = PBXAggregateTarget;
			buildConfigurationList = OBJ_31 /* Build configuration list for PBXAggregateTarget "CCSwiftConveniencesPackageTests" */;
			buildPhases = (
			);
			dependencies = (
				OBJ_34 /* PBXTargetDependency */,
			);
			name = CCSwiftConveniencesPackageTests;
			productName = CCSwiftConveniencesPackageTests;
		};
/* End PBXAggregateTarget section */

/* Begin PBXBuildFile section */
		07455D5C24C1899C00E90176 /* DataExtensions.swift in Sources */ = {isa = PBXBuildFile; fileRef = 07455D5B24C1899C00E90176 /* DataExtensions.swift */; };
		07455D5E24C1902500E90176 /* FileManagerExtensions.swift in Sources */ = {isa = PBXBuildFile; fileRef = 07455D5D24C1902500E90176 /* FileManagerExtensions.swift */; };
		07455D6024C1942100E90176 /* UserDefaultsExtensions.swift in Sources */ = {isa = PBXBuildFile; fileRef = 07455D5F24C1942100E90176 /* UserDefaultsExtensions.swift */; };
		07C5CCC824BD3B9500060515 /* StringExtensions.swift in Sources */ = {isa = PBXBuildFile; fileRef = 07C5CCC724BD3B9500060515 /* StringExtensions.swift */; };
		07C5CCCC24BEF9FE00060515 /* DateExtensions.swift in Sources */ = {isa = PBXBuildFile; fileRef = 07C5CCCB24BEF9FE00060515 /* DateExtensions.swift */; };
		07C6EC5524C52E8C000546FF /* URLExtensions.swift in Sources */ = {isa = PBXBuildFile; fileRef = 07C6EC5424C52E8C000546FF /* URLExtensions.swift */; };
		07C6EC5724C6D8CB000546FF /* URLRequestExtensions.swift in Sources */ = {isa = PBXBuildFile; fileRef = 07C6EC5624C6D8CB000546FF /* URLRequestExtensions.swift */; };
		07C6EC5924C6DEC4000546FF /* UIButtonExtensions.swift in Sources */ = {isa = PBXBuildFile; fileRef = 07C6EC5824C6DEC4000546FF /* UIButtonExtensions.swift */; };
		07C6EC5B24C6E6C4000546FF /* UIBarButtonItemExtensions.swift in Sources */ = {isa = PBXBuildFile; fileRef = 07C6EC5A24C6E6C4000546FF /* UIBarButtonItemExtensions.swift */; };
		07C6EC5D24C6E83D000546FF /* UIImageExtensions.swift in Sources */ = {isa = PBXBuildFile; fileRef = 07C6EC5C24C6E83D000546FF /* UIImageExtensions.swift */; };
		07C6EC5F24C7DC81000546FF /* UIImageViewExtensions.swift in Sources */ = {isa = PBXBuildFile; fileRef = 07C6EC5E24C7DC81000546FF /* UIImageViewExtensions.swift */; };
		07F166F924B85AC5007FEAE0 /* BoolExtensions.swift in Sources */ = {isa = PBXBuildFile; fileRef = 07F166F824B85AC5007FEAE0 /* BoolExtensions.swift */; };
		07F166FB24B85C76007FEAE0 /* DIctionaryExtensions.swift in Sources */ = {isa = PBXBuildFile; fileRef = 07F166FA24B85C76007FEAE0 /* DIctionaryExtensions.swift */; };
		07F166FD24BC0598007FEAE0 /* DoubleExtensions.swift in Sources */ = {isa = PBXBuildFile; fileRef = 07F166FC24BC0598007FEAE0 /* DoubleExtensions.swift */; };
		07F166FF24BC0A9E007FEAE0 /* FloatExtensions.swift in Sources */ = {isa = PBXBuildFile; fileRef = 07F166FE24BC0A9E007FEAE0 /* FloatExtensions.swift */; };
		07F1670124BC0D8D007FEAE0 /* IntExtensions.swift in Sources */ = {isa = PBXBuildFile; fileRef = 07F1670024BC0D8D007FEAE0 /* IntExtensions.swift */; };
		07F1670324BC4382007FEAE0 /* OptionalExtensions.swift in Sources */ = {isa = PBXBuildFile; fileRef = 07F1670224BC4382007FEAE0 /* OptionalExtensions.swift */; };
		07FB2F7624CECFFD00210EBC /* UIViewControllerExtensions.swift in Sources */ = {isa = PBXBuildFile; fileRef = 07FB2F7524CECFFD00210EBC /* UIViewControllerExtensions.swift */; };
		07FB2F7824CED26600210EBC /* UITabBarExtensions.swift in Sources */ = {isa = PBXBuildFile; fileRef = 07FB2F7724CED26600210EBC /* UITabBarExtensions.swift */; };
		07FB2F7A24CED44E00210EBC /* UITextFieldExtensions.swift in Sources */ = {isa = PBXBuildFile; fileRef = 07FB2F7924CED44E00210EBC /* UITextFieldExtensions.swift */; };
		07FB2F7C24CFC1E000210EBC /* UITextViewExtensions.swift in Sources */ = {isa = PBXBuildFile; fileRef = 07FB2F7B24CFC1E000210EBC /* UITextViewExtensions.swift */; };
		07FB2F7E24CFC2A500210EBC /* UIViewExtensions.swift in Sources */ = {isa = PBXBuildFile; fileRef = 07FB2F7D24CFC2A500210EBC /* UIViewExtensions.swift */; };
		07FB2F8024CFD15500210EBC /* UIWindowExtensions.swift in Sources */ = {isa = PBXBuildFile; fileRef = 07FB2F7F24CFD15500210EBC /* UIWindowExtensions.swift */; };
		07FB2F8224CFD2C100210EBC /* WKWebViewExtensions.swift in Sources */ = {isa = PBXBuildFile; fileRef = 07FB2F8124CFD2C100210EBC /* WKWebViewExtensions.swift */; };
		07FB2F8424D008E100210EBC /* DispatchQueueExtensions.swift in Sources */ = {isa = PBXBuildFile; fileRef = 07FB2F8324D008E100210EBC /* DispatchQueueExtensions.swift */; };
		07FB88B224D3C34600D30452 /* MKMapViewExtensions.swift in Sources */ = {isa = PBXBuildFile; fileRef = 07FB88B124D3C34600D30452 /* MKMapViewExtensions.swift */; };
		07FB88B424D3F8FB00D30452 /* CLLocationExtensions.swift in Sources */ = {isa = PBXBuildFile; fileRef = 07FB88B324D3F8FB00D30452 /* CLLocationExtensions.swift */; };
		07FB88B624D421C800D30452 /* CGPointExtensions.swift in Sources */ = {isa = PBXBuildFile; fileRef = 07FB88B524D421C800D30452 /* CGPointExtensions.swift */; };
		OBJ_22 /* ArrayExtensions.swift in Sources */ = {isa = PBXBuildFile; fileRef = OBJ_9 /* ArrayExtensions.swift */; };
		OBJ_29 /* Package.swift in Sources */ = {isa = PBXBuildFile; fileRef = OBJ_6 /* Package.swift */; };
		OBJ_40 /* CCSwiftConveniencesTests.swift in Sources */ = {isa = PBXBuildFile; fileRef = OBJ_12 /* CCSwiftConveniencesTests.swift */; };
		OBJ_41 /* XCTestManifests.swift in Sources */ = {isa = PBXBuildFile; fileRef = OBJ_13 /* XCTestManifests.swift */; };
		OBJ_43 /* CCSwiftConveniences.framework in Frameworks */ = {isa = PBXBuildFile; fileRef = "CCSwiftConveniences::CCSwiftConveniences::Product" /* CCSwiftConveniences.framework */; };
/* End PBXBuildFile section */

/* Begin PBXContainerItemProxy section */
		07F166F624B810F5007FEAE0 /* PBXContainerItemProxy */ = {
			isa = PBXContainerItemProxy;
			containerPortal = OBJ_1 /* Project object */;
			proxyType = 1;
			remoteGlobalIDString = "CCSwiftConveniences::CCSwiftConveniences";
			remoteInfo = CCSwiftConveniences;
		};
		07F166F724B810F7007FEAE0 /* PBXContainerItemProxy */ = {
			isa = PBXContainerItemProxy;
			containerPortal = OBJ_1 /* Project object */;
			proxyType = 1;
			remoteGlobalIDString = "CCSwiftConveniences::CCSwiftConveniencesTests";
			remoteInfo = CCSwiftConveniencesTests;
		};
/* End PBXContainerItemProxy section */

/* Begin PBXFileReference section */
		07455D5B24C1899C00E90176 /* DataExtensions.swift */ = {isa = PBXFileReference; lastKnownFileType = sourcecode.swift; path = DataExtensions.swift; sourceTree = "<group>"; };
		07455D5D24C1902500E90176 /* FileManagerExtensions.swift */ = {isa = PBXFileReference; lastKnownFileType = sourcecode.swift; path = FileManagerExtensions.swift; sourceTree = "<group>"; };
		07455D5F24C1942100E90176 /* UserDefaultsExtensions.swift */ = {isa = PBXFileReference; lastKnownFileType = sourcecode.swift; path = UserDefaultsExtensions.swift; sourceTree = "<group>"; };
		07C5CCC724BD3B9500060515 /* StringExtensions.swift */ = {isa = PBXFileReference; lastKnownFileType = sourcecode.swift; path = StringExtensions.swift; sourceTree = "<group>"; };
		07C5CCCB24BEF9FE00060515 /* DateExtensions.swift */ = {isa = PBXFileReference; lastKnownFileType = sourcecode.swift; path = DateExtensions.swift; sourceTree = "<group>"; };
		07C6EC5424C52E8C000546FF /* URLExtensions.swift */ = {isa = PBXFileReference; lastKnownFileType = sourcecode.swift; path = URLExtensions.swift; sourceTree = "<group>"; };
		07C6EC5624C6D8CB000546FF /* URLRequestExtensions.swift */ = {isa = PBXFileReference; lastKnownFileType = sourcecode.swift; path = URLRequestExtensions.swift; sourceTree = "<group>"; };
		07C6EC5824C6DEC4000546FF /* UIButtonExtensions.swift */ = {isa = PBXFileReference; lastKnownFileType = sourcecode.swift; path = UIButtonExtensions.swift; sourceTree = "<group>"; };
		07C6EC5A24C6E6C4000546FF /* UIBarButtonItemExtensions.swift */ = {isa = PBXFileReference; lastKnownFileType = sourcecode.swift; path = UIBarButtonItemExtensions.swift; sourceTree = "<group>"; };
		07C6EC5C24C6E83D000546FF /* UIImageExtensions.swift */ = {isa = PBXFileReference; lastKnownFileType = sourcecode.swift; path = UIImageExtensions.swift; sourceTree = "<group>"; };
		07C6EC5E24C7DC81000546FF /* UIImageViewExtensions.swift */ = {isa = PBXFileReference; lastKnownFileType = sourcecode.swift; path = UIImageViewExtensions.swift; sourceTree = "<group>"; };
		07F166F824B85AC5007FEAE0 /* BoolExtensions.swift */ = {isa = PBXFileReference; lastKnownFileType = sourcecode.swift; path = BoolExtensions.swift; sourceTree = "<group>"; };
		07F166FA24B85C76007FEAE0 /* DIctionaryExtensions.swift */ = {isa = PBXFileReference; lastKnownFileType = sourcecode.swift; path = DIctionaryExtensions.swift; sourceTree = "<group>"; };
		07F166FC24BC0598007FEAE0 /* DoubleExtensions.swift */ = {isa = PBXFileReference; lastKnownFileType = sourcecode.swift; path = DoubleExtensions.swift; sourceTree = "<group>"; };
		07F166FE24BC0A9E007FEAE0 /* FloatExtensions.swift */ = {isa = PBXFileReference; lastKnownFileType = sourcecode.swift; path = FloatExtensions.swift; sourceTree = "<group>"; };
		07F1670024BC0D8D007FEAE0 /* IntExtensions.swift */ = {isa = PBXFileReference; lastKnownFileType = sourcecode.swift; path = IntExtensions.swift; sourceTree = "<group>"; };
		07F1670224BC4382007FEAE0 /* OptionalExtensions.swift */ = {isa = PBXFileReference; lastKnownFileType = sourcecode.swift; path = OptionalExtensions.swift; sourceTree = "<group>"; };
		07FB2F7524CECFFD00210EBC /* UIViewControllerExtensions.swift */ = {isa = PBXFileReference; lastKnownFileType = sourcecode.swift; path = UIViewControllerExtensions.swift; sourceTree = "<group>"; };
		07FB2F7724CED26600210EBC /* UITabBarExtensions.swift */ = {isa = PBXFileReference; lastKnownFileType = sourcecode.swift; path = UITabBarExtensions.swift; sourceTree = "<group>"; };
		07FB2F7924CED44E00210EBC /* UITextFieldExtensions.swift */ = {isa = PBXFileReference; lastKnownFileType = sourcecode.swift; path = UITextFieldExtensions.swift; sourceTree = "<group>"; };
		07FB2F7B24CFC1E000210EBC /* UITextViewExtensions.swift */ = {isa = PBXFileReference; lastKnownFileType = sourcecode.swift; path = UITextViewExtensions.swift; sourceTree = "<group>"; };
		07FB2F7D24CFC2A500210EBC /* UIViewExtensions.swift */ = {isa = PBXFileReference; lastKnownFileType = sourcecode.swift; path = UIViewExtensions.swift; sourceTree = "<group>"; };
		07FB2F7F24CFD15500210EBC /* UIWindowExtensions.swift */ = {isa = PBXFileReference; lastKnownFileType = sourcecode.swift; path = UIWindowExtensions.swift; sourceTree = "<group>"; };
		07FB2F8124CFD2C100210EBC /* WKWebViewExtensions.swift */ = {isa = PBXFileReference; lastKnownFileType = sourcecode.swift; path = WKWebViewExtensions.swift; sourceTree = "<group>"; };
		07FB2F8324D008E100210EBC /* DispatchQueueExtensions.swift */ = {isa = PBXFileReference; lastKnownFileType = sourcecode.swift; path = DispatchQueueExtensions.swift; sourceTree = "<group>"; };
		07FB88B124D3C34600D30452 /* MKMapViewExtensions.swift */ = {isa = PBXFileReference; lastKnownFileType = sourcecode.swift; path = MKMapViewExtensions.swift; sourceTree = "<group>"; };
		07FB88B324D3F8FB00D30452 /* CLLocationExtensions.swift */ = {isa = PBXFileReference; lastKnownFileType = sourcecode.swift; path = CLLocationExtensions.swift; sourceTree = "<group>"; };
		07FB88B524D421C800D30452 /* CGPointExtensions.swift */ = {isa = PBXFileReference; lastKnownFileType = sourcecode.swift; path = CGPointExtensions.swift; sourceTree = "<group>"; };
		"CCSwiftConveniences::CCSwiftConveniences::Product" /* CCSwiftConveniences.framework */ = {isa = PBXFileReference; lastKnownFileType = wrapper.framework; path = CCSwiftConveniences.framework; sourceTree = BUILT_PRODUCTS_DIR; };
		"CCSwiftConveniences::CCSwiftConveniencesTests::Product" /* CCSwiftConveniencesTests.xctest */ = {isa = PBXFileReference; lastKnownFileType = file; path = CCSwiftConveniencesTests.xctest; sourceTree = BUILT_PRODUCTS_DIR; };
		OBJ_12 /* CCSwiftConveniencesTests.swift */ = {isa = PBXFileReference; lastKnownFileType = sourcecode.swift; path = CCSwiftConveniencesTests.swift; sourceTree = "<group>"; };
		OBJ_13 /* XCTestManifests.swift */ = {isa = PBXFileReference; lastKnownFileType = sourcecode.swift; path = XCTestManifests.swift; sourceTree = "<group>"; };
		OBJ_6 /* Package.swift */ = {isa = PBXFileReference; explicitFileType = sourcecode.swift; path = Package.swift; sourceTree = "<group>"; };
		OBJ_9 /* ArrayExtensions.swift */ = {isa = PBXFileReference; lastKnownFileType = sourcecode.swift; path = ArrayExtensions.swift; sourceTree = "<group>"; };
/* End PBXFileReference section */

/* Begin PBXFrameworksBuildPhase section */
		OBJ_23 /* Frameworks */ = {
			isa = PBXFrameworksBuildPhase;
			buildActionMask = 0;
			files = (
			);
			runOnlyForDeploymentPostprocessing = 0;
		};
		OBJ_42 /* Frameworks */ = {
			isa = PBXFrameworksBuildPhase;
			buildActionMask = 0;
			files = (
				OBJ_43 /* CCSwiftConveniences.framework in Frameworks */,
			);
			runOnlyForDeploymentPostprocessing = 0;
		};
/* End PBXFrameworksBuildPhase section */

/* Begin PBXGroup section */
		OBJ_10 /* Tests */ = {
			isa = PBXGroup;
			children = (
				OBJ_11 /* CCSwiftConveniencesTests */,
			);
			name = Tests;
			sourceTree = SOURCE_ROOT;
		};
		OBJ_11 /* CCSwiftConveniencesTests */ = {
			isa = PBXGroup;
			children = (
				OBJ_12 /* CCSwiftConveniencesTests.swift */,
				OBJ_13 /* XCTestManifests.swift */,
			);
			name = CCSwiftConveniencesTests;
			path = Tests/CCSwiftConveniencesTests;
			sourceTree = SOURCE_ROOT;
		};
		OBJ_14 /* Products */ = {
			isa = PBXGroup;
			children = (
				"CCSwiftConveniences::CCSwiftConveniencesTests::Product" /* CCSwiftConveniencesTests.xctest */,
				"CCSwiftConveniences::CCSwiftConveniences::Product" /* CCSwiftConveniences.framework */,
			);
			name = Products;
			sourceTree = BUILT_PRODUCTS_DIR;
		};
		OBJ_5 = {
			isa = PBXGroup;
			children = (
				OBJ_6 /* Package.swift */,
				OBJ_7 /* Sources */,
				OBJ_10 /* Tests */,
				OBJ_14 /* Products */,
			);
			sourceTree = "<group>";
		};
		OBJ_7 /* Sources */ = {
			isa = PBXGroup;
			children = (
				OBJ_8 /* CCSwiftConveniences */,
			);
			name = Sources;
			sourceTree = SOURCE_ROOT;
		};
		OBJ_8 /* CCSwiftConveniences */ = {
			isa = PBXGroup;
			children = (
				OBJ_9 /* ArrayExtensions.swift */,
				07F166F824B85AC5007FEAE0 /* BoolExtensions.swift */,
				07F166FA24B85C76007FEAE0 /* DIctionaryExtensions.swift */,
				07455D5B24C1899C00E90176 /* DataExtensions.swift */,
				07455D5D24C1902500E90176 /* FileManagerExtensions.swift */,
				07F166FC24BC0598007FEAE0 /* DoubleExtensions.swift */,
				07F166FE24BC0A9E007FEAE0 /* FloatExtensions.swift */,
				07F1670024BC0D8D007FEAE0 /* IntExtensions.swift */,
				07F1670224BC4382007FEAE0 /* OptionalExtensions.swift */,
				07C5CCC724BD3B9500060515 /* StringExtensions.swift */,
				07C5CCCB24BEF9FE00060515 /* DateExtensions.swift */,
				07C6EC5424C52E8C000546FF /* URLExtensions.swift */,
				07C6EC5624C6D8CB000546FF /* URLRequestExtensions.swift */,
				07455D5F24C1942100E90176 /* UserDefaultsExtensions.swift */,
				07C6EC5824C6DEC4000546FF /* UIButtonExtensions.swift */,
				07C6EC5A24C6E6C4000546FF /* UIBarButtonItemExtensions.swift */,
				07C6EC5C24C6E83D000546FF /* UIImageExtensions.swift */,
				07C6EC5E24C7DC81000546FF /* UIImageViewExtensions.swift */,
				07FB2F7524CECFFD00210EBC /* UIViewControllerExtensions.swift */,
				07FB2F7724CED26600210EBC /* UITabBarExtensions.swift */,
				07FB2F7924CED44E00210EBC /* UITextFieldExtensions.swift */,
				07FB2F7B24CFC1E000210EBC /* UITextViewExtensions.swift */,
				07FB2F7D24CFC2A500210EBC /* UIViewExtensions.swift */,
				07FB2F7F24CFD15500210EBC /* UIWindowExtensions.swift */,
				07FB2F8124CFD2C100210EBC /* WKWebViewExtensions.swift */,
				07FB2F8324D008E100210EBC /* DispatchQueueExtensions.swift */,
				07FB88B124D3C34600D30452 /* MKMapViewExtensions.swift */,
				07FB88B324D3F8FB00D30452 /* CLLocationExtensions.swift */,
				07FB88B524D421C800D30452 /* CGPointExtensions.swift */,
			);
			name = CCSwiftConveniences;
			path = Sources/CCSwiftConveniences;
			sourceTree = SOURCE_ROOT;
		};
/* End PBXGroup section */

/* Begin PBXNativeTarget section */
		"CCSwiftConveniences::CCSwiftConveniences" /* CCSwiftConveniences */ = {
			isa = PBXNativeTarget;
			buildConfigurationList = OBJ_18 /* Build configuration list for PBXNativeTarget "CCSwiftConveniences" */;
			buildPhases = (
				OBJ_21 /* Sources */,
				OBJ_23 /* Frameworks */,
			);
			buildRules = (
			);
			dependencies = (
			);
			name = CCSwiftConveniences;
			productName = CCSwiftConveniences;
			productReference = "CCSwiftConveniences::CCSwiftConveniences::Product" /* CCSwiftConveniences.framework */;
			productType = "com.apple.product-type.framework";
		};
		"CCSwiftConveniences::CCSwiftConveniencesTests" /* CCSwiftConveniencesTests */ = {
			isa = PBXNativeTarget;
			buildConfigurationList = OBJ_36 /* Build configuration list for PBXNativeTarget "CCSwiftConveniencesTests" */;
			buildPhases = (
				OBJ_39 /* Sources */,
				OBJ_42 /* Frameworks */,
			);
			buildRules = (
			);
			dependencies = (
				OBJ_44 /* PBXTargetDependency */,
			);
			name = CCSwiftConveniencesTests;
			productName = CCSwiftConveniencesTests;
			productReference = "CCSwiftConveniences::CCSwiftConveniencesTests::Product" /* CCSwiftConveniencesTests.xctest */;
			productType = "com.apple.product-type.bundle.unit-test";
		};
		"CCSwiftConveniences::SwiftPMPackageDescription" /* CCSwiftConveniencesPackageDescription */ = {
			isa = PBXNativeTarget;
			buildConfigurationList = OBJ_25 /* Build configuration list for PBXNativeTarget "CCSwiftConveniencesPackageDescription" */;
			buildPhases = (
				OBJ_28 /* Sources */,
			);
			buildRules = (
			);
			dependencies = (
			);
			name = CCSwiftConveniencesPackageDescription;
			productName = CCSwiftConveniencesPackageDescription;
			productType = "com.apple.product-type.framework";
		};
/* End PBXNativeTarget section */

/* Begin PBXProject section */
		OBJ_1 /* Project object */ = {
			isa = PBXProject;
			attributes = {
				LastSwiftMigration = 9999;
				LastUpgradeCheck = 9999;
			};
			buildConfigurationList = OBJ_2 /* Build configuration list for PBXProject "CCSwiftConveniences" */;
			compatibilityVersion = "Xcode 3.2";
			developmentRegion = en;
			hasScannedForEncodings = 0;
			knownRegions = (
				en,
			);
			mainGroup = OBJ_5;
			productRefGroup = OBJ_14 /* Products */;
			projectDirPath = "";
			projectRoot = "";
			targets = (
				"CCSwiftConveniences::CCSwiftConveniences" /* CCSwiftConveniences */,
				"CCSwiftConveniences::SwiftPMPackageDescription" /* CCSwiftConveniencesPackageDescription */,
				"CCSwiftConveniences::CCSwiftConveniencesPackageTests::ProductTarget" /* CCSwiftConveniencesPackageTests */,
				"CCSwiftConveniences::CCSwiftConveniencesTests" /* CCSwiftConveniencesTests */,
			);
		};
/* End PBXProject section */

/* Begin PBXSourcesBuildPhase section */
		OBJ_21 /* Sources */ = {
			isa = PBXSourcesBuildPhase;
			buildActionMask = 0;
			files = (
				07C6EC5924C6DEC4000546FF /* UIButtonExtensions.swift in Sources */,
				07FB2F7824CED26600210EBC /* UITabBarExtensions.swift in Sources */,
				07C5CCC824BD3B9500060515 /* StringExtensions.swift in Sources */,
				07C6EC5724C6D8CB000546FF /* URLRequestExtensions.swift in Sources */,
				07FB2F7E24CFC2A500210EBC /* UIViewExtensions.swift in Sources */,
				07FB2F8424D008E100210EBC /* DispatchQueueExtensions.swift in Sources */,
				07F166FD24BC0598007FEAE0 /* DoubleExtensions.swift in Sources */,
				07C6EC5F24C7DC81000546FF /* UIImageViewExtensions.swift in Sources */,
				07455D6024C1942100E90176 /* UserDefaultsExtensions.swift in Sources */,
				OBJ_22 /* ArrayExtensions.swift in Sources */,
				07FB2F7624CECFFD00210EBC /* UIViewControllerExtensions.swift in Sources */,
				07C6EC5524C52E8C000546FF /* URLExtensions.swift in Sources */,
				07FB88B224D3C34600D30452 /* MKMapViewExtensions.swift in Sources */,
				07FB88B624D421C800D30452 /* CGPointExtensions.swift in Sources */,
				07455D5C24C1899C00E90176 /* DataExtensions.swift in Sources */,
				07C6EC5B24C6E6C4000546FF /* UIBarButtonItemExtensions.swift in Sources */,
				07FB2F8224CFD2C100210EBC /* WKWebViewExtensions.swift in Sources */,
				07FB2F7A24CED44E00210EBC /* UITextFieldExtensions.swift in Sources */,
				07F1670324BC4382007FEAE0 /* OptionalExtensions.swift in Sources */,
				07F166FF24BC0A9E007FEAE0 /* FloatExtensions.swift in Sources */,
				07C5CCCC24BEF9FE00060515 /* DateExtensions.swift in Sources */,
				07FB2F8024CFD15500210EBC /* UIWindowExtensions.swift in Sources */,
				07F1670124BC0D8D007FEAE0 /* IntExtensions.swift in Sources */,
				07455D5E24C1902500E90176 /* FileManagerExtensions.swift in Sources */,
				07F166FB24B85C76007FEAE0 /* DIctionaryExtensions.swift in Sources */,
				07F166F924B85AC5007FEAE0 /* BoolExtensions.swift in Sources */,
				07FB88B424D3F8FB00D30452 /* CLLocationExtensions.swift in Sources */,
				07C6EC5D24C6E83D000546FF /* UIImageExtensions.swift in Sources */,
				07FB2F7C24CFC1E000210EBC /* UITextViewExtensions.swift in Sources */,
			);
			runOnlyForDeploymentPostprocessing = 0;
		};
		OBJ_28 /* Sources */ = {
			isa = PBXSourcesBuildPhase;
			buildActionMask = 0;
			files = (
				OBJ_29 /* Package.swift in Sources */,
			);
			runOnlyForDeploymentPostprocessing = 0;
		};
		OBJ_39 /* Sources */ = {
			isa = PBXSourcesBuildPhase;
			buildActionMask = 0;
			files = (
				OBJ_40 /* CCSwiftConveniencesTests.swift in Sources */,
				OBJ_41 /* XCTestManifests.swift in Sources */,
			);
			runOnlyForDeploymentPostprocessing = 0;
		};
/* End PBXSourcesBuildPhase section */

/* Begin PBXTargetDependency section */
		OBJ_34 /* PBXTargetDependency */ = {
			isa = PBXTargetDependency;
			target = "CCSwiftConveniences::CCSwiftConveniencesTests" /* CCSwiftConveniencesTests */;
			targetProxy = 07F166F724B810F7007FEAE0 /* PBXContainerItemProxy */;
		};
		OBJ_44 /* PBXTargetDependency */ = {
			isa = PBXTargetDependency;
			target = "CCSwiftConveniences::CCSwiftConveniences" /* CCSwiftConveniences */;
			targetProxy = 07F166F624B810F5007FEAE0 /* PBXContainerItemProxy */;
		};
/* End PBXTargetDependency section */

/* Begin XCBuildConfiguration section */
		OBJ_19 /* Debug */ = {
			isa = XCBuildConfiguration;
			buildSettings = {
				ENABLE_TESTABILITY = YES;
				FRAMEWORK_SEARCH_PATHS = (
					"$(inherited)",
					"$(PLATFORM_DIR)/Developer/Library/Frameworks",
				);
				HEADER_SEARCH_PATHS = "$(inherited)";
				INFOPLIST_FILE = CCSwiftConveniences.xcodeproj/CCSwiftConveniences_Info.plist;
				IPHONEOS_DEPLOYMENT_TARGET = 8.0;
				LD_RUNPATH_SEARCH_PATHS = "$(inherited) $(TOOLCHAIN_DIR)/usr/lib/swift/macosx";
				MACOSX_DEPLOYMENT_TARGET = 10.10;
				OTHER_CFLAGS = "$(inherited)";
				OTHER_LDFLAGS = "$(inherited)";
				OTHER_SWIFT_FLAGS = "$(inherited)";
				PRODUCT_BUNDLE_IDENTIFIER = CCSwiftConveniences;
				PRODUCT_MODULE_NAME = "$(TARGET_NAME:c99extidentifier)";
				PRODUCT_NAME = "$(TARGET_NAME:c99extidentifier)";
				SKIP_INSTALL = YES;
				SWIFT_ACTIVE_COMPILATION_CONDITIONS = "$(inherited)";
				SWIFT_VERSION = 5.0;
				TARGET_NAME = CCSwiftConveniences;
				TVOS_DEPLOYMENT_TARGET = 9.0;
				WATCHOS_DEPLOYMENT_TARGET = 2.0;
			};
			name = Debug;
		};
		OBJ_20 /* Release */ = {
			isa = XCBuildConfiguration;
			buildSettings = {
				ENABLE_TESTABILITY = YES;
				FRAMEWORK_SEARCH_PATHS = (
					"$(inherited)",
					"$(PLATFORM_DIR)/Developer/Library/Frameworks",
				);
				HEADER_SEARCH_PATHS = "$(inherited)";
				INFOPLIST_FILE = CCSwiftConveniences.xcodeproj/CCSwiftConveniences_Info.plist;
				IPHONEOS_DEPLOYMENT_TARGET = 8.0;
				LD_RUNPATH_SEARCH_PATHS = "$(inherited) $(TOOLCHAIN_DIR)/usr/lib/swift/macosx";
				MACOSX_DEPLOYMENT_TARGET = 10.10;
				OTHER_CFLAGS = "$(inherited)";
				OTHER_LDFLAGS = "$(inherited)";
				OTHER_SWIFT_FLAGS = "$(inherited)";
				PRODUCT_BUNDLE_IDENTIFIER = CCSwiftConveniences;
				PRODUCT_MODULE_NAME = "$(TARGET_NAME:c99extidentifier)";
				PRODUCT_NAME = "$(TARGET_NAME:c99extidentifier)";
				SKIP_INSTALL = YES;
				SWIFT_ACTIVE_COMPILATION_CONDITIONS = "$(inherited)";
				SWIFT_VERSION = 5.0;
				TARGET_NAME = CCSwiftConveniences;
				TVOS_DEPLOYMENT_TARGET = 9.0;
				WATCHOS_DEPLOYMENT_TARGET = 2.0;
			};
			name = Release;
		};
		OBJ_26 /* Debug */ = {
			isa = XCBuildConfiguration;
			buildSettings = {
				LD = /usr/bin/true;
				OTHER_SWIFT_FLAGS = "-swift-version 5 -I $(TOOLCHAIN_DIR)/usr/lib/swift/pm/4_2 -target x86_64-apple-macosx10.10 -sdk /Applications/Xcode.app/Contents/Developer/Platforms/MacOSX.platform/Developer/SDKs/MacOSX10.15.sdk -package-description-version 5.2.0";
				SWIFT_VERSION = 5.0;
			};
			name = Debug;
		};
		OBJ_27 /* Release */ = {
			isa = XCBuildConfiguration;
			buildSettings = {
				LD = /usr/bin/true;
				OTHER_SWIFT_FLAGS = "-swift-version 5 -I $(TOOLCHAIN_DIR)/usr/lib/swift/pm/4_2 -target x86_64-apple-macosx10.10 -sdk /Applications/Xcode.app/Contents/Developer/Platforms/MacOSX.platform/Developer/SDKs/MacOSX10.15.sdk -package-description-version 5.2.0";
				SWIFT_VERSION = 5.0;
			};
			name = Release;
		};
		OBJ_3 /* Debug */ = {
			isa = XCBuildConfiguration;
			buildSettings = {
				CLANG_ENABLE_OBJC_ARC = YES;
				COMBINE_HIDPI_IMAGES = YES;
				COPY_PHASE_STRIP = NO;
				DEBUG_INFORMATION_FORMAT = dwarf;
				DYLIB_INSTALL_NAME_BASE = "@rpath";
				ENABLE_NS_ASSERTIONS = YES;
				GCC_OPTIMIZATION_LEVEL = 0;
				GCC_PREPROCESSOR_DEFINITIONS = (
					"$(inherited)",
					"SWIFT_PACKAGE=1",
					"DEBUG=1",
				);
				MACOSX_DEPLOYMENT_TARGET = 10.10;
				ONLY_ACTIVE_ARCH = YES;
				OTHER_SWIFT_FLAGS = "$(inherited) -DXcode";
				PRODUCT_NAME = "$(TARGET_NAME)";
				SDKROOT = macosx;
				SUPPORTED_PLATFORMS = "macosx iphoneos iphonesimulator appletvos appletvsimulator watchos watchsimulator";
				SWIFT_ACTIVE_COMPILATION_CONDITIONS = "$(inherited) SWIFT_PACKAGE DEBUG";
				SWIFT_OPTIMIZATION_LEVEL = "-Onone";
				USE_HEADERMAP = NO;
			};
			name = Debug;
		};
		OBJ_32 /* Debug */ = {
			isa = XCBuildConfiguration;
			buildSettings = {
			};
			name = Debug;
		};
		OBJ_33 /* Release */ = {
			isa = XCBuildConfiguration;
			buildSettings = {
			};
			name = Release;
		};
		OBJ_37 /* Debug */ = {
			isa = XCBuildConfiguration;
			buildSettings = {
				CLANG_ENABLE_MODULES = YES;
				EMBEDDED_CONTENT_CONTAINS_SWIFT = YES;
				FRAMEWORK_SEARCH_PATHS = (
					"$(inherited)",
					"$(PLATFORM_DIR)/Developer/Library/Frameworks",
				);
				HEADER_SEARCH_PATHS = "$(inherited)";
				INFOPLIST_FILE = CCSwiftConveniences.xcodeproj/CCSwiftConveniencesTests_Info.plist;
				IPHONEOS_DEPLOYMENT_TARGET = 8.0;
				LD_RUNPATH_SEARCH_PATHS = "$(inherited) @loader_path/../Frameworks @loader_path/Frameworks";
				MACOSX_DEPLOYMENT_TARGET = 10.10;
				OTHER_CFLAGS = "$(inherited)";
				OTHER_LDFLAGS = "$(inherited)";
				OTHER_SWIFT_FLAGS = "$(inherited)";
				SWIFT_ACTIVE_COMPILATION_CONDITIONS = "$(inherited)";
				SWIFT_VERSION = 5.0;
				TARGET_NAME = CCSwiftConveniencesTests;
				TVOS_DEPLOYMENT_TARGET = 9.0;
				WATCHOS_DEPLOYMENT_TARGET = 2.0;
			};
			name = Debug;
		};
		OBJ_38 /* Release */ = {
			isa = XCBuildConfiguration;
			buildSettings = {
				CLANG_ENABLE_MODULES = YES;
				EMBEDDED_CONTENT_CONTAINS_SWIFT = YES;
				FRAMEWORK_SEARCH_PATHS = (
					"$(inherited)",
					"$(PLATFORM_DIR)/Developer/Library/Frameworks",
				);
				HEADER_SEARCH_PATHS = "$(inherited)";
				INFOPLIST_FILE = CCSwiftConveniences.xcodeproj/CCSwiftConveniencesTests_Info.plist;
				IPHONEOS_DEPLOYMENT_TARGET = 8.0;
				LD_RUNPATH_SEARCH_PATHS = "$(inherited) @loader_path/../Frameworks @loader_path/Frameworks";
				MACOSX_DEPLOYMENT_TARGET = 10.10;
				OTHER_CFLAGS = "$(inherited)";
				OTHER_LDFLAGS = "$(inherited)";
				OTHER_SWIFT_FLAGS = "$(inherited)";
				SWIFT_ACTIVE_COMPILATION_CONDITIONS = "$(inherited)";
				SWIFT_VERSION = 5.0;
				TARGET_NAME = CCSwiftConveniencesTests;
				TVOS_DEPLOYMENT_TARGET = 9.0;
				WATCHOS_DEPLOYMENT_TARGET = 2.0;
			};
			name = Release;
		};
		OBJ_4 /* Release */ = {
			isa = XCBuildConfiguration;
			buildSettings = {
				CLANG_ENABLE_OBJC_ARC = YES;
				COMBINE_HIDPI_IMAGES = YES;
				COPY_PHASE_STRIP = YES;
				DEBUG_INFORMATION_FORMAT = "dwarf-with-dsym";
				DYLIB_INSTALL_NAME_BASE = "@rpath";
				GCC_OPTIMIZATION_LEVEL = s;
				GCC_PREPROCESSOR_DEFINITIONS = (
					"$(inherited)",
					"SWIFT_PACKAGE=1",
				);
				MACOSX_DEPLOYMENT_TARGET = 10.10;
				OTHER_SWIFT_FLAGS = "$(inherited) -DXcode";
				PRODUCT_NAME = "$(TARGET_NAME)";
				SDKROOT = macosx;
				SUPPORTED_PLATFORMS = "macosx iphoneos iphonesimulator appletvos appletvsimulator watchos watchsimulator";
				SWIFT_ACTIVE_COMPILATION_CONDITIONS = "$(inherited) SWIFT_PACKAGE";
				SWIFT_OPTIMIZATION_LEVEL = "-Owholemodule";
				USE_HEADERMAP = NO;
			};
			name = Release;
		};
/* End XCBuildConfiguration section */

/* Begin XCConfigurationList section */
		OBJ_18 /* Build configuration list for PBXNativeTarget "CCSwiftConveniences" */ = {
			isa = XCConfigurationList;
			buildConfigurations = (
				OBJ_19 /* Debug */,
				OBJ_20 /* Release */,
			);
			defaultConfigurationIsVisible = 0;
			defaultConfigurationName = Release;
		};
		OBJ_2 /* Build configuration list for PBXProject "CCSwiftConveniences" */ = {
			isa = XCConfigurationList;
			buildConfigurations = (
				OBJ_3 /* Debug */,
				OBJ_4 /* Release */,
			);
			defaultConfigurationIsVisible = 0;
			defaultConfigurationName = Release;
		};
		OBJ_25 /* Build configuration list for PBXNativeTarget "CCSwiftConveniencesPackageDescription" */ = {
			isa = XCConfigurationList;
			buildConfigurations = (
				OBJ_26 /* Debug */,
				OBJ_27 /* Release */,
			);
			defaultConfigurationIsVisible = 0;
			defaultConfigurationName = Release;
		};
		OBJ_31 /* Build configuration list for PBXAggregateTarget "CCSwiftConveniencesPackageTests" */ = {
			isa = XCConfigurationList;
			buildConfigurations = (
				OBJ_32 /* Debug */,
				OBJ_33 /* Release */,
			);
			defaultConfigurationIsVisible = 0;
			defaultConfigurationName = Release;
		};
		OBJ_36 /* Build configuration list for PBXNativeTarget "CCSwiftConveniencesTests" */ = {
			isa = XCConfigurationList;
			buildConfigurations = (
				OBJ_37 /* Debug */,
				OBJ_38 /* Release */,
			);
			defaultConfigurationIsVisible = 0;
			defaultConfigurationName = Release;
		};
/* End XCConfigurationList section */
	};
	rootObject = OBJ_1 /* Project object */;
}
